Microsoft Visual Studio Solution File, Format Version 12.00
# Visual Studio Version 16
VisualStudioVersion = 16.0.0.0
MinimumVisualStudioVersion = 16.0.0.0
Project("{9A19103F-16F7-4668-BE54-9A1E7A4F7556}") = "DogKeepers.Server", "Server\DogKeepers.Server.csproj", "{BE5A597F-A07E-4972-9B9B-A0574AB48F2B}"
EndProject
Project("{9A19103F-16F7-4668-BE54-9A1E7A4F7556}") = "DogKeepers.Client", "Client\DogKeepers.Client.csproj", "{06A98E48-BD28-4E6E-AEEE-889907FE1BAE}"
EndProject
Project("{9A19103F-16F7-4668-BE54-9A1E7A4F7556}") = "DogKeepers.Shared", "Shared\DogKeepers.Shared.csproj", "{8AD04CEE-15F2-48B5-9897-988D9EFC501B}"
EndProject
Global
	GlobalSection(SolutionConfigurationPlatforms) = preSolution
		Debug|Any CPU = Debug|Any CPU
		Debug|x64 = Debug|x64
		Debug|x86 = Debug|x86
		Release|Any CPU = Release|Any CPU
		Release|x64 = Release|x64
		Release|x86 = Release|x86
	EndGlobalSection
	GlobalSection(ProjectConfigurationPlatforms) = postSolution
		{06A98E48-BD28-4E6E-AEEE-889907FE1BAE}.Debug|Any CPU.ActiveCfg = Debug|Any CPU
		{06A98E48-BD28-4E6E-AEEE-889907FE1BAE}.Debug|Any CPU.Build.0 = Debug|Any CPU
		{06A98E48-BD28-4E6E-AEEE-889907FE1BAE}.Debug|x64.ActiveCfg = Debug|Any CPU
		{06A98E48-BD28-4E6E-AEEE-889907FE1BAE}.Debug|x64.Build.0 = Debug|Any CPU
		{06A98E48-BD28-4E6E-AEEE-889907FE1BAE}.Debug|x86.ActiveCfg = Debug|Any CPU
		{06A98E48-BD28-4E6E-AEEE-889907FE1BAE}.Debug|x86.Build.0 = Debug|Any CPU
		{06A98E48-BD28-4E6E-AEEE-889907FE1BAE}.Release|Any CPU.ActiveCfg = Release|Any CPU
		{06A98E48-BD28-4E6E-AEEE-889907FE1BAE}.Release|Any CPU.Build.0 = Release|Any CPU
		{06A98E48-BD28-4E6E-AEEE-889907FE1BAE}.Release|x64.ActiveCfg = Release|Any CPU
		{06A98E48-BD28-4E6E-AEEE-889907FE1BAE}.Release|x64.Build.0 = Release|Any CPU
		{06A98E48-BD28-4E6E-AEEE-889907FE1BAE}.Release|x86.ActiveCfg = Release|Any CPU
		{06A98E48-BD28-4E6E-AEEE-889907FE1BAE}.Release|x86.Build.0 = Release|Any CPU
		{BE5A597F-A07E-4972-9B9B-A0574AB48F2B}.Debug|Any CPU.ActiveCfg = Debug|Any CPU
		{BE5A597F-A07E-4972-9B9B-A0574AB48F2B}.Debug|Any CPU.Build.0 = Debug|Any CPU
		{BE5A597F-A07E-4972-9B9B-A0574AB48F2B}.Debug|x64.ActiveCfg = Debug|Any CPU
		{BE5A597F-A07E-4972-9B9B-A0574AB48F2B}.Debug|x64.Build.0 = Debug|Any CPU
		{BE5A597F-A07E-4972-9B9B-A0574AB48F2B}.Debug|x86.ActiveCfg = Debug|Any CPU
		{BE5A597F-A07E-4972-9B9B-A0574AB48F2B}.Debug|x86.Build.0 = Debug|Any CPU
		{BE5A597F-A07E-4972-9B9B-A0574AB48F2B}.Release|Any CPU.ActiveCfg = Release|Any CPU
		{BE5A597F-A07E-4972-9B9B-A0574AB48F2B}.Release|Any CPU.Build.0 = Release|Any CPU
		{BE5A597F-A07E-4972-9B9B-A0574AB48F2B}.Release|x64.ActiveCfg = Release|Any CPU
		{BE5A597F-A07E-4972-9B9B-A0574AB48F2B}.Release|x64.Build.0 = Release|Any CPU
		{BE5A597F-A07E-4972-9B9B-A0574AB48F2B}.Release|x86.ActiveCfg = Release|Any CPU
		{BE5A597F-A07E-4972-9B9B-A0574AB48F2B}.Release|x86.Build.0 = Release|Any CPU
		{8AD04CEE-15F2-48B5-9897-988D9EFC501B}.Debug|Any CPU.ActiveCfg = Debug|Any CPU
		{8AD04CEE-15F2-48B5-9897-988D9EFC501B}.Debug|Any CPU.Build.0 = Debug|Any CPU
		{8AD04CEE-15F2-48B5-9897-988D9EFC501B}.Debug|x64.ActiveCfg = Debug|Any CPU
		{8AD04CEE-15F2-48B5-9897-988D9EFC501B}.Debug|x64.Build.0 = Debug|Any CPU
		{8AD04CEE-15F2-48B5-9897-988D9EFC501B}.Debug|x86.ActiveCfg = Debug|Any CPU
		{8AD04CEE-15F2-48B5-9897-988D9EFC501B}.Debug|x86.Build.0 = Debug|Any CPU
		{8AD04CEE-15F2-48B5-9897-988D9EFC501B}.Release|Any CPU.ActiveCfg = Release|Any CPU
		{8AD04CEE-15F2-48B5-9897-988D9EFC501B}.Release|Any CPU.Build.0 = Release|Any CPU
		{8AD04CEE-15F2-48B5-9897-988D9EFC501B}.Release|x64.ActiveCfg = Release|Any CPU
		{8AD04CEE-15F2-48B5-9897-988D9EFC501B}.Release|x64.Build.0 = Release|Any CPU
		{8AD04CEE-15F2-48B5-9897-988D9EFC501B}.Release|x86.ActiveCfg = Release|Any CPU
		{8AD04CEE-15F2-48B5-9897-988D9EFC501B}.Release|x86.Build.0 = Release|Any CPU
	EndGlobalSection
	GlobalSection(SolutionProperties) = preSolution
		HideSolutionNode = FALSE
	EndGlobalSection
	GlobalSection(ExtensibilityGlobals) = postSolution
		SolutionGuid = {4BD2B122-F51E-43DC-980E-081885CEE3F9}
	EndGlobalSection
EndGlobal