Microsoft Visual Studio Solution File, Format Version 12.00
# Visual Studio Version 16
VisualStudioVersion = 16.0.0.0
MinimumVisualStudioVersion = 16.0.0.0
Project("{9A19103F-16F7-4668-BE54-9A1E7A4F7556}") = "CuidadosView.Server", "Server\CuidadosView.Server.csproj", "{C5D4B245-49CA-4796-AA3C-E4E41C6D8859}"
EndProject
Project("{9A19103F-16F7-4668-BE54-9A1E7A4F7556}") = "CuidadosView.Client", "Client\CuidadosView.Client.csproj", "{02CC6673-A010-4E71-8283-68D51D8A8D4A}"
EndProject
Project("{9A19103F-16F7-4668-BE54-9A1E7A4F7556}") = "CuidadosView.Shared", "Shared\CuidadosView.Shared.csproj", "{4ADFE95B-4F8C-41EA-8A06-F9273E200B29}"
EndProject
Global
	GlobalSection(SolutionConfigurationPlatforms) = preSolution
		Debug|Any CPU = Debug|Any CPU
		Debug|x64 = Debug|x64
		Debug|x86 = Debug|x86
		Release|Any CPU = Release|Any CPU
		Release|x64 = Release|x64
		Release|x86 = Release|x86
	EndGlobalSection
	GlobalSection(ProjectConfigurationPlatforms) = postSolution
		{02CC6673-A010-4E71-8283-68D51D8A8D4A}.Debug|Any CPU.ActiveCfg = Debug|Any CPU
		{02CC6673-A010-4E71-8283-68D51D8A8D4A}.Debug|Any CPU.Build.0 = Debug|Any CPU
		{02CC6673-A010-4E71-8283-68D51D8A8D4A}.Debug|x64.ActiveCfg = Debug|Any CPU
		{02CC6673-A010-4E71-8283-68D51D8A8D4A}.Debug|x64.Build.0 = Debug|Any CPU
		{02CC6673-A010-4E71-8283-68D51D8A8D4A}.Debug|x86.ActiveCfg = Debug|Any CPU
		{02CC6673-A010-4E71-8283-68D51D8A8D4A}.Debug|x86.Build.0 = Debug|Any CPU
		{02CC6673-A010-4E71-8283-68D51D8A8D4A}.Release|Any CPU.ActiveCfg = Release|Any CPU
		{02CC6673-A010-4E71-8283-68D51D8A8D4A}.Release|Any CPU.Build.0 = Release|Any CPU
		{02CC6673-A010-4E71-8283-68D51D8A8D4A}.Release|x64.ActiveCfg = Release|Any CPU
		{02CC6673-A010-4E71-8283-68D51D8A8D4A}.Release|x64.Build.0 = Release|Any CPU
		{02CC6673-A010-4E71-8283-68D51D8A8D4A}.Release|x86.ActiveCfg = Release|Any CPU
		{02CC6673-A010-4E71-8283-68D51D8A8D4A}.Release|x86.Build.0 = Release|Any CPU
		{C5D4B245-49CA-4796-AA3C-E4E41C6D8859}.Debug|Any CPU.ActiveCfg = Debug|Any CPU
		{C5D4B245-49CA-4796-AA3C-E4E41C6D8859}.Debug|Any CPU.Build.0 = Debug|Any CPU
		{C5D4B245-49CA-4796-AA3C-E4E41C6D8859}.Debug|x64.ActiveCfg = Debug|Any CPU
		{C5D4B245-49CA-4796-AA3C-E4E41C6D8859}.Debug|x64.Build.0 = Debug|Any CPU
		{C5D4B245-49CA-4796-AA3C-E4E41C6D8859}.Debug|x86.ActiveCfg = Debug|Any CPU
		{C5D4B245-49CA-4796-AA3C-E4E41C6D8859}.Debug|x86.Build.0 = Debug|Any CPU
		{C5D4B245-49CA-4796-AA3C-E4E41C6D8859}.Release|Any CPU.ActiveCfg = Release|Any CPU
		{C5D4B245-49CA-4796-AA3C-E4E41C6D8859}.Release|Any CPU.Build.0 = Release|Any CPU
		{C5D4B245-49CA-4796-AA3C-E4E41C6D8859}.Release|x64.ActiveCfg = Release|Any CPU
		{C5D4B245-49CA-4796-AA3C-E4E41C6D8859}.Release|x64.Build.0 = Release|Any CPU
		{C5D4B245-49CA-4796-AA3C-E4E41C6D8859}.Release|x86.ActiveCfg = Release|Any CPU
		{C5D4B245-49CA-4796-AA3C-E4E41C6D8859}.Release|x86.Build.0 = Release|Any CPU
		{4ADFE95B-4F8C-41EA-8A06-F9273E200B29}.Debug|Any CPU.ActiveCfg = Debug|Any CPU
		{4ADFE95B-4F8C-41EA-8A06-F9273E200B29}.Debug|Any CPU.Build.0 = Debug|Any CPU
		{4ADFE95B-4F8C-41EA-8A06-F9273E200B29}.Debug|x64.ActiveCfg = Debug|Any CPU
		{4ADFE95B-4F8C-41EA-8A06-F9273E200B29}.Debug|x64.Build.0 = Debug|Any CPU
		{4ADFE95B-4F8C-41EA-8A06-F9273E200B29}.Debug|x86.ActiveCfg = Debug|Any CPU
		{4ADFE95B-4F8C-41EA-8A06-F9273E200B29}.Debug|x86.Build.0 = Debug|Any CPU
		{4ADFE95B-4F8C-41EA-8A06-F9273E200B29}.Release|Any CPU.ActiveCfg = Release|Any CPU
		{4ADFE95B-4F8C-41EA-8A06-F9273E200B29}.Release|Any CPU.Build.0 = Release|Any CPU
		{4ADFE95B-4F8C-41EA-8A06-F9273E200B29}.Release|x64.ActiveCfg = Release|Any CPU
		{4ADFE95B-4F8C-41EA-8A06-F9273E200B29}.Release|x64.Build.0 = Release|Any CPU
		{4ADFE95B-4F8C-41EA-8A06-F9273E200B29}.Release|x86.ActiveCfg = Release|Any CPU
		{4ADFE95B-4F8C-41EA-8A06-F9273E200B29}.Release|x86.Build.0 = Release|Any CPU
	EndGlobalSection
	GlobalSection(SolutionProperties) = preSolution
		HideSolutionNode = FALSE
	EndGlobalSection
	GlobalSection(ExtensibilityGlobals) = postSolution
		SolutionGuid = {F3A53B26-0637-4DEB-8144-7AEE80CAC1EC}
	EndGlobalSection
EndGlobal